// !$*UTF8*$!
{
	archiveVersion = 1;
	classes = {
	};
	objectVersion = 56;
	objects = {

/* Begin PBXBuildFile section */
		5C96B0C729B25CF50008A650 /* NewsHeaderView.swift in Sources */ = {isa = PBXBuildFile; fileRef = 5C96B0C629B25CF50008A650 /* NewsHeaderView.swift */; };
		5CBB1D7D29B7A6DE009BA920 /* NewsStory.swift in Sources */ = {isa = PBXBuildFile; fileRef = 5CBB1D7C29B7A6DE009BA920 /* NewsStory.swift */; };
		5CBB1D7F29B7C308009BA920 /* NewsTableViewCell.swift in Sources */ = {isa = PBXBuildFile; fileRef = 5CBB1D7E29B7C308009BA920 /* NewsTableViewCell.swift */; };
		5CFAE37829AE446300888F97 /* AppDelegate.swift in Sources */ = {isa = PBXBuildFile; fileRef = 5CFAE37729AE446300888F97 /* AppDelegate.swift */; };
		5CFAE37A29AE446300888F97 /* SceneDelegate.swift in Sources */ = {isa = PBXBuildFile; fileRef = 5CFAE37929AE446300888F97 /* SceneDelegate.swift */; };
		5CFAE37C29AE446300888F97 /* WatchListVC.swift in Sources */ = {isa = PBXBuildFile; fileRef = 5CFAE37B29AE446300888F97 /* WatchListVC.swift */; };
		5CFAE38129AE446400888F97 /* Assets.xcassets in Resources */ = {isa = PBXBuildFile; fileRef = 5CFAE38029AE446400888F97 /* Assets.xcassets */; };
		5CFAE38429AE446400888F97 /* LaunchScreen.storyboard in Resources */ = {isa = PBXBuildFile; fileRef = 5CFAE38229AE446400888F97 /* LaunchScreen.storyboard */; };
		5CFAE39029AE4A3400888F97 /* NewsVC.swift in Sources */ = {isa = PBXBuildFile; fileRef = 5CFAE38F29AE4A3400888F97 /* NewsVC.swift */; };
		5CFAE39229AE4A5100888F97 /* SearchResultsVC.swift in Sources */ = {isa = PBXBuildFile; fileRef = 5CFAE39129AE4A5100888F97 /* SearchResultsVC.swift */; };
		5CFAE39429AE4A6400888F97 /* StockInfoVC.swift in Sources */ = {isa = PBXBuildFile; fileRef = 5CFAE39329AE4A6400888F97 /* StockInfoVC.swift */; };
		5CFAE39929AE703500888F97 /* PersistenceManager.swift in Sources */ = {isa = PBXBuildFile; fileRef = 5CFAE39829AE703500888F97 /* PersistenceManager.swift */; };
		5CFAE39B29AE707500888F97 /* APICaller.swift in Sources */ = {isa = PBXBuildFile; fileRef = 5CFAE39A29AE707500888F97 /* APICaller.swift */; };
		5CFAE39D29AE708500888F97 /* HapticsManager.swift in Sources */ = {isa = PBXBuildFile; fileRef = 5CFAE39C29AE708500888F97 /* HapticsManager.swift */; };
		5CFAE39F29AE922800888F97 /* Extensions.swift in Sources */ = {isa = PBXBuildFile; fileRef = 5CFAE39E29AE922800888F97 /* Extensions.swift */; };
		5CFAE3A129AE950400888F97 /* SearchResultTableViewCell.swift in Sources */ = {isa = PBXBuildFile; fileRef = 5CFAE3A029AE950400888F97 /* SearchResultTableViewCell.swift */; };
		5CFAE3A329AF76DC00888F97 /* SearchResponse.swift in Sources */ = {isa = PBXBuildFile; fileRef = 5CFAE3A229AF76DC00888F97 /* SearchResponse.swift */; };
		F50ACE254D762D5119417084 /* Pods_UpStock.framework in Frameworks */ = {isa = PBXBuildFile; fileRef = D946430F209E605446ACD53A /* Pods_UpStock.framework */; };
/* End PBXBuildFile section */

/* Begin PBXFileReference section */
		5C96B0C629B25CF50008A650 /* NewsHeaderView.swift */ = {isa = PBXFileReference; lastKnownFileType = sourcecode.swift; path = NewsHeaderView.swift; sourceTree = "<group>"; };
		5CBB1D7C29B7A6DE009BA920 /* NewsStory.swift */ = {isa = PBXFileReference; lastKnownFileType = sourcecode.swift; path = NewsStory.swift; sourceTree = "<group>"; };
		5CBB1D7E29B7C308009BA920 /* NewsTableViewCell.swift */ = {isa = PBXFileReference; lastKnownFileType = sourcecode.swift; path = NewsTableViewCell.swift; sourceTree = "<group>"; };
		5CFAE37429AE446300888F97 /* UpStock.app */ = {isa = PBXFileReference; explicitFileType = wrapper.application; includeInIndex = 0; path = UpStock.app; sourceTree = BUILT_PRODUCTS_DIR; };
		5CFAE37729AE446300888F97 /* AppDelegate.swift */ = {isa = PBXFileReference; lastKnownFileType = sourcecode.swift; path = AppDelegate.swift; sourceTree = "<group>"; };
		5CFAE37929AE446300888F97 /* SceneDelegate.swift */ = {isa = PBXFileReference; lastKnownFileType = sourcecode.swift; path = SceneDelegate.swift; sourceTree = "<group>"; };
		5CFAE37B29AE446300888F97 /* WatchListVC.swift */ = {isa = PBXFileReference; lastKnownFileType = sourcecode.swift; path = WatchListVC.swift; sourceTree = "<group>"; };
		5CFAE38029AE446400888F97 /* Assets.xcassets */ = {isa = PBXFileReference; lastKnownFileType = folder.assetcatalog; path = Assets.xcassets; sourceTree = "<group>"; };
		5CFAE38329AE446400888F97 /* Base */ = {isa = PBXFileReference; lastKnownFileType = file.storyboard; name = Base; path = Base.lproj/LaunchScreen.storyboard; sourceTree = "<group>"; };
		5CFAE38529AE446400888F97 /* Info.plist */ = {isa = PBXFileReference; lastKnownFileType = text.plist.xml; path = Info.plist; sourceTree = "<group>"; };
		5CFAE38F29AE4A3400888F97 /* NewsVC.swift */ = {isa = PBXFileReference; lastKnownFileType = sourcecode.swift; path = NewsVC.swift; sourceTree = "<group>"; };
		5CFAE39129AE4A5100888F97 /* SearchResultsVC.swift */ = {isa = PBXFileReference; lastKnownFileType = sourcecode.swift; path = SearchResultsVC.swift; sourceTree = "<group>"; };
		5CFAE39329AE4A6400888F97 /* StockInfoVC.swift */ = {isa = PBXFileReference; lastKnownFileType = sourcecode.swift; path = StockInfoVC.swift; sourceTree = "<group>"; };
		5CFAE39829AE703500888F97 /* PersistenceManager.swift */ = {isa = PBXFileReference; lastKnownFileType = sourcecode.swift; path = PersistenceManager.swift; sourceTree = "<group>"; };
		5CFAE39A29AE707500888F97 /* APICaller.swift */ = {isa = PBXFileReference; lastKnownFileType = sourcecode.swift; path = APICaller.swift; sourceTree = "<group>"; };
		5CFAE39C29AE708500888F97 /* HapticsManager.swift */ = {isa = PBXFileReference; lastKnownFileType = sourcecode.swift; path = HapticsManager.swift; sourceTree = "<group>"; };
		5CFAE39E29AE922800888F97 /* Extensions.swift */ = {isa = PBXFileReference; lastKnownFileType = sourcecode.swift; path = Extensions.swift; sourceTree = "<group>"; };
		5CFAE3A029AE950400888F97 /* SearchResultTableViewCell.swift */ = {isa = PBXFileReference; lastKnownFileType = sourcecode.swift; path = SearchResultTableViewCell.swift; sourceTree = "<group>"; };
		5CFAE3A229AF76DC00888F97 /* SearchResponse.swift */ = {isa = PBXFileReference; lastKnownFileType = sourcecode.swift; path = SearchResponse.swift; sourceTree = "<group>"; };
		D946430F209E605446ACD53A /* Pods_UpStock.framework */ = {isa = PBXFileReference; explicitFileType = wrapper.framework; includeInIndex = 0; path = Pods_UpStock.framework; sourceTree = BUILT_PRODUCTS_DIR; };
		E9B01149A97DFCB39E57349E /* Pods-UpStock.release.xcconfig */ = {isa = PBXFileReference; includeInIndex = 1; lastKnownFileType = text.xcconfig; name = "Pods-UpStock.release.xcconfig"; path = "Target Support Files/Pods-UpStock/Pods-UpStock.release.xcconfig"; sourceTree = "<group>"; };
		EA2D2C9AF66D6C232CF4490A /* Pods-UpStock.debug.xcconfig */ = {isa = PBXFileReference; includeInIndex = 1; lastKnownFileType = text.xcconfig; name = "Pods-UpStock.debug.xcconfig"; path = "Target Support Files/Pods-UpStock/Pods-UpStock.debug.xcconfig"; sourceTree = "<group>"; };
/* End PBXFileReference section */

/* Begin PBXFrameworksBuildPhase section */
		5CFAE37129AE446300888F97 /* Frameworks */ = {
			isa = PBXFrameworksBuildPhase;
			buildActionMask = 2147483647;
			files = (
				F50ACE254D762D5119417084 /* Pods_UpStock.framework in Frameworks */,
			);
			runOnlyForDeploymentPostprocessing = 0;
		};
/* End PBXFrameworksBuildPhase section */

/* Begin PBXGroup section */
		3F6E3CFDD2D5188C32021134 /* Frameworks */ = {
			isa = PBXGroup;
			children = (
				D946430F209E605446ACD53A /* Pods_UpStock.framework */,
			);
			name = Frameworks;
			sourceTree = "<group>";
		};
		5CFAE36B29AE446300888F97 = {
			isa = PBXGroup;
			children = (
				5CFAE37629AE446300888F97 /* UpStock */,
				5CFAE37529AE446300888F97 /* Products */,
				AB2646F81398F122A1F2874A /* Pods */,
				3F6E3CFDD2D5188C32021134 /* Frameworks */,
			);
			sourceTree = "<group>";
		};
		5CFAE37529AE446300888F97 /* Products */ = {
			isa = PBXGroup;
			children = (
				5CFAE37429AE446300888F97 /* UpStock.app */,
			);
			name = Products;
			sourceTree = "<group>";
		};
		5CFAE37629AE446300888F97 /* UpStock */ = {
			isa = PBXGroup;
			children = (
				5CFAE38529AE446400888F97 /* Info.plist */,
				5CFAE39529AE6F8D00888F97 /* Managers */,
				5CFAE38B29AE47FA00888F97 /* Models */,
				5CFAE38C29AE480600888F97 /* Views */,
				5CFAE38D29AE481100888F97 /* Controllers */,
				5CFAE38E29AE485800888F97 /* Other */,
			);
			path = UpStock;
			sourceTree = "<group>";
		};
		5CFAE38B29AE47FA00888F97 /* Models */ = {
			isa = PBXGroup;
			children = (
				5CFAE3A229AF76DC00888F97 /* SearchResponse.swift */,
				5CBB1D7C29B7A6DE009BA920 /* NewsStory.swift */,
			);
			path = Models;
			sourceTree = "<group>";
		};
		5CFAE38C29AE480600888F97 /* Views */ = {
			isa = PBXGroup;
			children = (
				5CFAE38229AE446400888F97 /* LaunchScreen.storyboard */,
				5CFAE3A029AE950400888F97 /* SearchResultTableViewCell.swift */,
				5C96B0C629B25CF50008A650 /* NewsHeaderView.swift */,
				5CBB1D7E29B7C308009BA920 /* NewsTableViewCell.swift */,
			);
			path = Views;
			sourceTree = "<group>";
		};
		5CFAE38D29AE481100888F97 /* Controllers */ = {
			isa = PBXGroup;
			children = (
				5CFAE37B29AE446300888F97 /* WatchListVC.swift */,
				5CFAE38F29AE4A3400888F97 /* NewsVC.swift */,
				5CFAE39129AE4A5100888F97 /* SearchResultsVC.swift */,
				5CFAE39329AE4A6400888F97 /* StockInfoVC.swift */,
			);
			path = Controllers;
			sourceTree = "<group>";
		};
		5CFAE38E29AE485800888F97 /* Other */ = {
			isa = PBXGroup;
			children = (
				5CFAE37729AE446300888F97 /* AppDelegate.swift */,
				5CFAE37929AE446300888F97 /* SceneDelegate.swift */,
				5CFAE38029AE446400888F97 /* Assets.xcassets */,
				5CFAE39E29AE922800888F97 /* Extensions.swift */,
			);
			path = Other;
			sourceTree = "<group>";
		};
		5CFAE39529AE6F8D00888F97 /* Managers */ = {
			isa = PBXGroup;
			children = (
				5CFAE39829AE703500888F97 /* PersistenceManager.swift */,
				5CFAE39A29AE707500888F97 /* APICaller.swift */,
				5CFAE39C29AE708500888F97 /* HapticsManager.swift */,
			);
			path = Managers;
			sourceTree = "<group>";
		};
		AB2646F81398F122A1F2874A /* Pods */ = {
			isa = PBXGroup;
			children = (
				EA2D2C9AF66D6C232CF4490A /* Pods-UpStock.debug.xcconfig */,
				E9B01149A97DFCB39E57349E /* Pods-UpStock.release.xcconfig */,
			);
			path = Pods;
			sourceTree = "<group>";
		};
/* End PBXGroup section */

/* Begin PBXNativeTarget section */
		5CFAE37329AE446300888F97 /* UpStock */ = {
			isa = PBXNativeTarget;
			buildConfigurationList = 5CFAE38829AE446400888F97 /* Build configuration list for PBXNativeTarget "UpStock" */;
			buildPhases = (
				E897BCBEEDD587D3FD10742B /* [CP] Check Pods Manifest.lock */,
				5CFAE37029AE446300888F97 /* Sources */,
				5CFAE37129AE446300888F97 /* Frameworks */,
				5CFAE37229AE446300888F97 /* Resources */,
				8C4C4AC0DE98A7FB7198D998 /* [CP] Embed Pods Frameworks */,
			);
			buildRules = (
			);
			dependencies = (
			);
			name = UpStock;
			productName = UpStock;
			productReference = 5CFAE37429AE446300888F97 /* UpStock.app */;
			productType = "com.apple.product-type.application";
		};
/* End PBXNativeTarget section */

/* Begin PBXProject section */
		5CFAE36C29AE446300888F97 /* Project object */ = {
			isa = PBXProject;
			attributes = {
				BuildIndependentTargetsInParallel = 1;
				LastSwiftUpdateCheck = 1420;
				LastUpgradeCheck = 1420;
				TargetAttributes = {
					5CFAE37329AE446300888F97 = {
						CreatedOnToolsVersion = 14.2;
					};
				};
			};
			buildConfigurationList = 5CFAE36F29AE446300888F97 /* Build configuration list for PBXProject "UpStock" */;
			compatibilityVersion = "Xcode 14.0";
			developmentRegion = en;
			hasScannedForEncodings = 0;
			knownRegions = (
				en,
				Base,
			);
			mainGroup = 5CFAE36B29AE446300888F97;
			productRefGroup = 5CFAE37529AE446300888F97 /* Products */;
			projectDirPath = "";
			projectRoot = "";
			targets = (
				5CFAE37329AE446300888F97 /* UpStock */,
			);
		};
/* End PBXProject section */

/* Begin PBXResourcesBuildPhase section */
		5CFAE37229AE446300888F97 /* Resources */ = {
			isa = PBXResourcesBuildPhase;
			buildActionMask = 2147483647;
			files = (
				5CFAE38429AE446400888F97 /* LaunchScreen.storyboard in Resources */,
				5CFAE38129AE446400888F97 /* Assets.xcassets in Resources */,
			);
			runOnlyForDeploymentPostprocessing = 0;
		};
/* End PBXResourcesBuildPhase section */

/* Begin PBXShellScriptBuildPhase section */
		8C4C4AC0DE98A7FB7198D998 /* [CP] Embed Pods Frameworks */ = {
			isa = PBXShellScriptBuildPhase;
			buildActionMask = 2147483647;
			files = (
			);
			inputFileListPaths = (
				"${PODS_ROOT}/Target Support Files/Pods-UpStock/Pods-UpStock-frameworks-${CONFIGURATION}-input-files.xcfilelist",
			);
			name = "[CP] Embed Pods Frameworks";
			outputFileListPaths = (
				"${PODS_ROOT}/Target Support Files/Pods-UpStock/Pods-UpStock-frameworks-${CONFIGURATION}-output-files.xcfilelist",
			);
			runOnlyForDeploymentPostprocessing = 0;
			shellPath = /bin/sh;
			shellScript = "\"${PODS_ROOT}/Target Support Files/Pods-UpStock/Pods-UpStock-frameworks.sh\"\n";
			showEnvVarsInLog = 0;
		};
		E897BCBEEDD587D3FD10742B /* [CP] Check Pods Manifest.lock */ = {
			isa = PBXShellScriptBuildPhase;
			buildActionMask = 2147483647;
			files = (
			);
			inputFileListPaths = (
			);
			inputPaths = (
				"${PODS_PODFILE_DIR_PATH}/Podfile.lock",
				"${PODS_ROOT}/Manifest.lock",
			);
			name = "[CP] Check Pods Manifest.lock";
			outputFileListPaths = (
			);
			outputPaths = (
				"$(DERIVED_FILE_DIR)/Pods-UpStock-checkManifestLockResult.txt",
			);
			runOnlyForDeploymentPostprocessing = 0;
			shellPath = /bin/sh;
			shellScript = "diff \"${PODS_PODFILE_DIR_PATH}/Podfile.lock\" \"${PODS_ROOT}/Manifest.lock\" > /dev/null\nif [ $? != 0 ] ; then\n    # print error to STDERR\n    echo \"error: The sandbox is not in sync with the Podfile.lock. Run 'pod install' or update your CocoaPods installation.\" >&2\n    exit 1\nfi\n# This output is used by Xcode 'outputs' to avoid re-running this script phase.\necho \"SUCCESS\" > \"${SCRIPT_OUTPUT_FILE_0}\"\n";
			showEnvVarsInLog = 0;
		};
/* End PBXShellScriptBuildPhase section */

/* Begin PBXSourcesBuildPhase section */
		5CFAE37029AE446300888F97 /* Sources */ = {
			isa = PBXSourcesBuildPhase;
			buildActionMask = 2147483647;
			files = (
				5CFAE39D29AE708500888F97 /* HapticsManager.swift in Sources */,
				5CFAE3A129AE950400888F97 /* SearchResultTableViewCell.swift in Sources */,
				5CBB1D7F29B7C308009BA920 /* NewsTableViewCell.swift in Sources */,
				5CFAE37C29AE446300888F97 /* WatchListVC.swift in Sources */,
				5CFAE37829AE446300888F97 /* AppDelegate.swift in Sources */,
				5CFAE39229AE4A5100888F97 /* SearchResultsVC.swift in Sources */,
				5CFAE39929AE703500888F97 /* PersistenceManager.swift in Sources */,
				5CFAE39F29AE922800888F97 /* Extensions.swift in Sources */,
				5CBB1D7D29B7A6DE009BA920 /* NewsStory.swift in Sources */,
				5CFAE37A29AE446300888F97 /* SceneDelegate.swift in Sources */,
				5CFAE3A329AF76DC00888F97 /* SearchResponse.swift in Sources */,
				5C96B0C729B25CF50008A650 /* NewsHeaderView.swift in Sources */,
				5CFAE39029AE4A3400888F97 /* NewsVC.swift in Sources */,
				5CFAE39429AE4A6400888F97 /* StockInfoVC.swift in Sources */,
				5CFAE39B29AE707500888F97 /* APICaller.swift in Sources */,
			);
			runOnlyForDeploymentPostprocessing = 0;
		};
/* End PBXSourcesBuildPhase section */

/* Begin PBXVariantGroup section */
		5CFAE38229AE446400888F97 /* LaunchScreen.storyboard */ = {
			isa = PBXVariantGroup;
			children = (
				5CFAE38329AE446400888F97 /* Base */,
			);
			name = LaunchScreen.storyboard;
			sourceTree = "<group>";
		};
/* End PBXVariantGroup section */

/* Begin XCBuildConfiguration section */
		5CFAE38629AE446400888F97 /* Debug */ = {
			isa = XCBuildConfiguration;
			buildSettings = {
				ALWAYS_SEARCH_USER_PATHS = NO;
				CLANG_ANALYZER_NONNULL = YES;
				CLANG_ANALYZER_NUMBER_OBJECT_CONVERSION = YES_AGGRESSIVE;
				CLANG_CXX_LANGUAGE_STANDARD = "gnu++20";
				CLANG_ENABLE_MODULES = YES;
				CLANG_ENABLE_OBJC_ARC = YES;
				CLANG_ENABLE_OBJC_WEAK = YES;
				CLANG_WARN_BLOCK_CAPTURE_AUTORELEASING = YES;
				CLANG_WARN_BOOL_CONVERSION = YES;
				CLANG_WARN_COMMA = YES;
				CLANG_WARN_CONSTANT_CONVERSION = YES;
				CLANG_WARN_DEPRECATED_OBJC_IMPLEMENTATIONS = YES;
				CLANG_WARN_DIRECT_OBJC_ISA_USAGE = YES_ERROR;
				CLANG_WARN_DOCUMENTATION_COMMENTS = YES;
				CLANG_WARN_EMPTY_BODY = YES;
				CLANG_WARN_ENUM_CONVERSION = YES;
				CLANG_WARN_INFINITE_RECURSION = YES;
				CLANG_WARN_INT_CONVERSION = YES;
				CLANG_WARN_NON_LITERAL_NULL_CONVERSION = YES;
				CLANG_WARN_OBJC_IMPLICIT_RETAIN_SELF = YES;
				CLANG_WARN_OBJC_LITERAL_CONVERSION = YES;
				CLANG_WARN_OBJC_ROOT_CLASS = YES_ERROR;
				CLANG_WARN_QUOTED_INCLUDE_IN_FRAMEWORK_HEADER = YES;
				CLANG_WARN_RANGE_LOOP_ANALYSIS = YES;
				CLANG_WARN_STRICT_PROTOTYPES = YES;
				CLANG_WARN_SUSPICIOUS_MOVE = YES;
				CLANG_WARN_UNGUARDED_AVAILABILITY = YES_AGGRESSIVE;
				CLANG_WARN_UNREACHABLE_CODE = YES;
				CLANG_WARN__DUPLICATE_METHOD_MATCH = YES;
				COPY_PHASE_STRIP = NO;
				DEBUG_INFORMATION_FORMAT = dwarf;
				ENABLE_STRICT_OBJC_MSGSEND = YES;
				ENABLE_TESTABILITY = YES;
				GCC_C_LANGUAGE_STANDARD = gnu11;
				GCC_DYNAMIC_NO_PIC = NO;
				GCC_NO_COMMON_BLOCKS = YES;
				GCC_OPTIMIZATION_LEVEL = 0;
				GCC_PREPROCESSOR_DEFINITIONS = (
					"DEBUG=1",
					"$(inherited)",
				);
				GCC_WARN_64_TO_32_BIT_CONVERSION = YES;
				GCC_WARN_ABOUT_RETURN_TYPE = YES_ERROR;
				GCC_WARN_UNDECLARED_SELECTOR = YES;
				GCC_WARN_UNINITIALIZED_AUTOS = YES_AGGRESSIVE;
				GCC_WARN_UNUSED_FUNCTION = YES;
				GCC_WARN_UNUSED_VARIABLE = YES;
				IPHONEOS_DEPLOYMENT_TARGET = 16.2;
				MTL_ENABLE_DEBUG_INFO = INCLUDE_SOURCE;
				MTL_FAST_MATH = YES;
				ONLY_ACTIVE_ARCH = YES;
				SDKROOT = iphoneos;
				SWIFT_ACTIVE_COMPILATION_CONDITIONS = DEBUG;
				SWIFT_OPTIMIZATION_LEVEL = "-Onone";
			};
			name = Debug;
		};
		5CFAE38729AE446400888F97 /* Release */ = {
			isa = XCBuildConfiguration;
			buildSettings = {
				ALWAYS_SEARCH_USER_PATHS = NO;
				CLANG_ANALYZER_NONNULL = YES;
				CLANG_ANALYZER_NUMBER_OBJECT_CONVERSION = YES_AGGRESSIVE;
				CLANG_CXX_LANGUAGE_STANDARD = "gnu++20";
				CLANG_ENABLE_MODULES = YES;
				CLANG_ENABLE_OBJC_ARC = YES;
				CLANG_ENABLE_OBJC_WEAK = YES;
				CLANG_WARN_BLOCK_CAPTURE_AUTORELEASING = YES;
				CLANG_WARN_BOOL_CONVERSION = YES;
				CLANG_WARN_COMMA = YES;
				CLANG_WARN_CONSTANT_CONVERSION = YES;
				CLANG_WARN_DEPRECATED_OBJC_IMPLEMENTATIONS = YES;
				CLANG_WARN_DIRECT_OBJC_ISA_USAGE = YES_ERROR;
				CLANG_WARN_DOCUMENTATION_COMMENTS = YES;
				CLANG_WARN_EMPTY_BODY = YES;
				CLANG_WARN_ENUM_CONVERSION = YES;
				CLANG_WARN_INFINITE_RECURSION = YES;
				CLANG_WARN_INT_CONVERSION = YES;
				CLANG_WARN_NON_LITERAL_NULL_CONVERSION = YES;
				CLANG_WARN_OBJC_IMPLICIT_RETAIN_SELF = YES;
				CLANG_WARN_OBJC_LITERAL_CONVERSION = YES;
				CLANG_WARN_OBJC_ROOT_CLASS = YES_ERROR;
				CLANG_WARN_QUOTED_INCLUDE_IN_FRAMEWORK_HEADER = YES;
				CLANG_WARN_RANGE_LOOP_ANALYSIS = YES;
				CLANG_WARN_STRICT_PROTOTYPES = YES;
				CLANG_WARN_SUSPICIOUS_MOVE = YES;
				CLANG_WARN_UNGUARDED_AVAILABILITY = YES_AGGRESSIVE;
				CLANG_WARN_UNREACHABLE_CODE = YES;
				CLANG_WARN__DUPLICATE_METHOD_MATCH = YES;
				COPY_PHASE_STRIP = NO;
				DEBUG_INFORMATION_FORMAT = "dwarf-with-dsym";
				ENABLE_NS_ASSERTIONS = NO;
				ENABLE_STRICT_OBJC_MSGSEND = YES;
				GCC_C_LANGUAGE_STANDARD = gnu11;
				GCC_NO_COMMON_BLOCKS = YES;
				GCC_WARN_64_TO_32_BIT_CONVERSION = YES;
				GCC_WARN_ABOUT_RETURN_TYPE = YES_ERROR;
				GCC_WARN_UNDECLARED_SELECTOR = YES;
				GCC_WARN_UNINITIALIZED_AUTOS = YES_AGGRESSIVE;
				GCC_WARN_UNUSED_FUNCTION = YES;
				GCC_WARN_UNUSED_VARIABLE = YES;
				IPHONEOS_DEPLOYMENT_TARGET = 16.2;
				MTL_ENABLE_DEBUG_INFO = NO;
				MTL_FAST_MATH = YES;
				SDKROOT = iphoneos;
				SWIFT_COMPILATION_MODE = wholemodule;
				SWIFT_OPTIMIZATION_LEVEL = "-O";
				VALIDATE_PRODUCT = YES;
			};
			name = Release;
		};
		5CFAE38929AE446400888F97 /* Debug */ = {
			isa = XCBuildConfiguration;
			baseConfigurationReference = EA2D2C9AF66D6C232CF4490A /* Pods-UpStock.debug.xcconfig */;
			buildSettings = {
				ASSETCATALOG_COMPILER_APPICON_NAME = AppIcon;
				ASSETCATALOG_COMPILER_GLOBAL_ACCENT_COLOR_NAME = AccentColor;
				CODE_SIGN_STYLE = Automatic;
				CURRENT_PROJECT_VERSION = 1;
				DEVELOPMENT_TEAM = AA27Q22GWM;
				GENERATE_INFOPLIST_FILE = YES;
				INFOPLIST_FILE = UpStock/Info.plist;
				INFOPLIST_KEY_UIApplicationSupportsIndirectInputEvents = YES;
				INFOPLIST_KEY_UILaunchStoryboardName = LaunchScreen;
				INFOPLIST_KEY_UISupportedInterfaceOrientations = UIInterfaceOrientationPortrait;
				IPHONEOS_DEPLOYMENT_TARGET = 15.0;
				LD_RUNPATH_SEARCH_PATHS = (
					"$(inherited)",
					"@executable_path/Frameworks",
				);
				MARKETING_VERSION = 1.0;
				PRODUCT_BUNDLE_IDENTIFIER = com.nouraleee.UpStock;
				PRODUCT_NAME = "$(TARGET_NAME)";
				SWIFT_EMIT_LOC_STRINGS = YES;
				SWIFT_VERSION = 5.0;
				TARGETED_DEVICE_FAMILY = "1,2";
			};
			name = Debug;
		};
		5CFAE38A29AE446400888F97 /* Release */ = {
			isa = XCBuildConfiguration;
			baseConfigurationReference = E9B01149A97DFCB39E57349E /* Pods-UpStock.release.xcconfig */;
			buildSettings = {
				ASSETCATALOG_COMPILER_APPICON_NAME = AppIcon;
				ASSETCATALOG_COMPILER_GLOBAL_ACCENT_COLOR_NAME = AccentColor;
				CODE_SIGN_STYLE = Automatic;
				CURRENT_PROJECT_VERSION = 1;
				DEVELOPMENT_TEAM = AA27Q22GWM;
				GENERATE_INFOPLIST_FILE = YES;
				INFOPLIST_FILE = UpStock/Info.plist;
				INFOPLIST_KEY_UIApplicationSupportsIndirectInputEvents = YES;
				INFOPLIST_KEY_UILaunchStoryboardName = LaunchScreen;
				INFOPLIST_KEY_UISupportedInterfaceOrientations = UIInterfaceOrientationPortrait;
				IPHONEOS_DEPLOYMENT_TARGET = 15.0;
				LD_RUNPATH_SEARCH_PATHS = (
					"$(inherited)",
					"@executable_path/Frameworks",
				);
				MARKETING_VERSION = 1.0;
				PRODUCT_BUNDLE_IDENTIFIER = com.nouraleee.UpStock;
				PRODUCT_NAME = "$(TARGET_NAME)";
				SWIFT_EMIT_LOC_STRINGS = YES;
				SWIFT_VERSION = 5.0;
				TARGETED_DEVICE_FAMILY = "1,2";
			};
			name = Release;
		};
/* End XCBuildConfiguration section */

/* Begin XCConfigurationList section */
		5CFAE36F29AE446300888F97 /* Build configuration list for PBXProject "UpStock" */ = {
			isa = XCConfigurationList;
			buildConfigurations = (
				5CFAE38629AE446400888F97 /* Debug */,
				5CFAE38729AE446400888F97 /* Release */,
			);
			defaultConfigurationIsVisible = 0;
			defaultConfigurationName = Release;
		};
		5CFAE38829AE446400888F97 /* Build configuration list for PBXNativeTarget "UpStock" */ = {
			isa = XCConfigurationList;
			buildConfigurations = (
				5CFAE38929AE446400888F97 /* Debug */,
				5CFAE38A29AE446400888F97 /* Release */,
			);
			defaultConfigurationIsVisible = 0;
			defaultConfigurationName = Release;
		};
/* End XCConfigurationList section */
	};
	rootObject = 5CFAE36C29AE446300888F97 /* Project object */;
}
